
Microsoft Visual Studio Solution File, Format Version 12.00
# Visual Studio 14
VisualStudioVersion = 14.0.25420.1
MinimumVisualStudioVersion = 10.0.40219.1
Project("{FAE04EC0-301F-11D3-BF4B-00C04F79EFBC}") = "NazarenoAnchieta.Android", "NazarenoAnchieta\NazarenoAnchieta.Android\NazarenoAnchieta.Android.csproj", "{49AAFF52-884E-4E8B-9C30-5834CA4DB607}"
EndProject
Project("{FAE04EC0-301F-11D3-BF4B-00C04F79EFBC}") = "NazarenoAnchieta", "NazarenoAnchieta\NazarenoAnchieta\NazarenoAnchieta.csproj", "{B071E452-9707-4961-A4C6-E228BB448B58}"
EndProject
Project("{FAE04EC0-301F-11D3-BF4B-00C04F79EFBC}") = "NazarenoAnchieta.UWP", "NazarenoAnchieta\NazarenoAnchieta.UWP\NazarenoAnchieta.UWP.csproj", "{D9103FCE-C342-47FE-90EF-71748E1CC997}"
EndProject
Project("{FAE04EC0-301F-11D3-BF4B-00C04F79EFBC}") = "NazarenoAnchieta.iOS", "NazarenoAnchieta\NazarenoAnchieta.iOS\NazarenoAnchieta.iOS.csproj", "{8E44DF9E-8B20-4409-BDFC-EEB86793A5DD}"
EndProject
Global
	GlobalSection(SolutionConfigurationPlatforms) = preSolution
		Ad-Hoc|Any CPU = Ad-Hoc|Any CPU
		Ad-Hoc|ARM = Ad-Hoc|ARM
		Ad-Hoc|iPhone = Ad-Hoc|iPhone
		Ad-Hoc|iPhoneSimulator = Ad-Hoc|iPhoneSimulator
		Ad-Hoc|x64 = Ad-Hoc|x64
		Ad-Hoc|x86 = Ad-Hoc|x86
		AppStore|Any CPU = AppStore|Any CPU
		AppStore|ARM = AppStore|ARM
		AppStore|iPhone = AppStore|iPhone
		AppStore|iPhoneSimulator = AppStore|iPhoneSimulator
		AppStore|x64 = AppStore|x64
		AppStore|x86 = AppStore|x86
		Debug|Any CPU = Debug|Any CPU
		Debug|ARM = Debug|ARM
		Debug|iPhone = Debug|iPhone
		Debug|iPhoneSimulator = Debug|iPhoneSimulator
		Debug|x64 = Debug|x64
		Debug|x86 = Debug|x86
		Release|Any CPU = Release|Any CPU
		Release|ARM = Release|ARM
		Release|iPhone = Release|iPhone
		Release|iPhoneSimulator = Release|iPhoneSimulator
		Release|x64 = Release|x64
		Release|x86 = Release|x86
	EndGlobalSection
	GlobalSection(ProjectConfigurationPlatforms) = postSolution
		{49AAFF52-884E-4E8B-9C30-5834CA4DB607}.Ad-Hoc|Any CPU.ActiveCfg = Release|Any CPU
		{49AAFF52-884E-4E8B-9C30-5834CA4DB607}.Ad-Hoc|Any CPU.Build.0 = Release|Any CPU
		{49AAFF52-884E-4E8B-9C30-5834CA4DB607}.Ad-Hoc|Any CPU.Deploy.0 = Release|Any CPU
		{49AAFF52-884E-4E8B-9C30-5834CA4DB607}.Ad-Hoc|ARM.ActiveCfg = Release|Any CPU
		{49AAFF52-884E-4E8B-9C30-5834CA4DB607}.Ad-Hoc|ARM.Build.0 = Release|Any CPU
		{49AAFF52-884E-4E8B-9C30-5834CA4DB607}.Ad-Hoc|ARM.Deploy.0 = Release|Any CPU
		{49AAFF52-884E-4E8B-9C30-5834CA4DB607}.Ad-Hoc|iPhone.ActiveCfg = Release|Any CPU
		{49AAFF52-884E-4E8B-9C30-5834CA4DB607}.Ad-Hoc|iPhone.Build.0 = Release|Any CPU
		{49AAFF52-884E-4E8B-9C30-5834CA4DB607}.Ad-Hoc|iPhone.Deploy.0 = Release|Any CPU
		{49AAFF52-884E-4E8B-9C30-5834CA4DB607}.Ad-Hoc|iPhoneSimulator.ActiveCfg = Release|Any CPU
		{49AAFF52-884E-4E8B-9C30-5834CA4DB607}.Ad-Hoc|iPhoneSimulator.Build.0 = Release|Any CPU
		{49AAFF52-884E-4E8B-9C30-5834CA4DB607}.Ad-Hoc|iPhoneSimulator.Deploy.0 = Release|Any CPU
		{49AAFF52-884E-4E8B-9C30-5834CA4DB607}.Ad-Hoc|x64.ActiveCfg = Release|Any CPU
		{49AAFF52-884E-4E8B-9C30-5834CA4DB607}.Ad-Hoc|x64.Build.0 = Release|Any CPU
		{49AAFF52-884E-4E8B-9C30-5834CA4DB607}.Ad-Hoc|x64.Deploy.0 = Release|Any CPU
		{49AAFF52-884E-4E8B-9C30-5834CA4DB607}.Ad-Hoc|x86.ActiveCfg = Release|Any CPU
		{49AAFF52-884E-4E8B-9C30-5834CA4DB607}.Ad-Hoc|x86.Build.0 = Release|Any CPU
		{49AAFF52-884E-4E8B-9C30-5834CA4DB607}.Ad-Hoc|x86.Deploy.0 = Release|Any CPU
		{49AAFF52-884E-4E8B-9C30-5834CA4DB607}.AppStore|Any CPU.ActiveCfg = Release|Any CPU
		{49AAFF52-884E-4E8B-9C30-5834CA4DB607}.AppStore|Any CPU.Build.0 = Release|Any CPU
		{49AAFF52-884E-4E8B-9C30-5834CA4DB607}.AppStore|Any CPU.Deploy.0 = Release|Any CPU
		{49AAFF52-884E-4E8B-9C30-5834CA4DB607}.AppStore|ARM.ActiveCfg = Release|Any CPU
		{49AAFF52-884E-4E8B-9C30-5834CA4DB607}.AppStore|ARM.Build.0 = Release|Any CPU
		{49AAFF52-884E-4E8B-9C30-5834CA4DB607}.AppStore|ARM.Deploy.0 = Release|Any CPU
		{49AAFF52-884E-4E8B-9C30-5834CA4DB607}.AppStore|iPhone.ActiveCfg = Release|Any CPU
		{49AAFF52-884E-4E8B-9C30-5834CA4DB607}.AppStore|iPhone.Build.0 = Release|Any CPU
		{49AAFF52-884E-4E8B-9C30-5834CA4DB607}.AppStore|iPhone.Deploy.0 = Release|Any CPU
		{49AAFF52-884E-4E8B-9C30-5834CA4DB607}.AppStore|iPhoneSimulator.ActiveCfg = Release|Any CPU
		{49AAFF52-884E-4E8B-9C30-5834CA4DB607}.AppStore|iPhoneSimulator.Build.0 = Release|Any CPU
		{49AAFF52-884E-4E8B-9C30-5834CA4DB607}.AppStore|iPhoneSimulator.Deploy.0 = Release|Any CPU
		{49AAFF52-884E-4E8B-9C30-5834CA4DB607}.AppStore|x64.ActiveCfg = Release|Any CPU
		{49AAFF52-884E-4E8B-9C30-5834CA4DB607}.AppStore|x64.Build.0 = Release|Any CPU
		{49AAFF52-884E-4E8B-9C30-5834CA4DB607}.AppStore|x64.Deploy.0 = Release|Any CPU
		{49AAFF52-884E-4E8B-9C30-5834CA4DB607}.AppStore|x86.ActiveCfg = Release|Any CPU
		{49AAFF52-884E-4E8B-9C30-5834CA4DB607}.AppStore|x86.Build.0 = Release|Any CPU
		{49AAFF52-884E-4E8B-9C30-5834CA4DB607}.AppStore|x86.Deploy.0 = Release|Any CPU
		{49AAFF52-884E-4E8B-9C30-5834CA4DB607}.Debug|Any CPU.ActiveCfg = Debug|Any CPU
		{49AAFF52-884E-4E8B-9C30-5834CA4DB607}.Debug|Any CPU.Build.0 = Debug|Any CPU
		{49AAFF52-884E-4E8B-9C30-5834CA4DB607}.Debug|Any CPU.Deploy.0 = Debug|Any CPU
		{49AAFF52-884E-4E8B-9C30-5834CA4DB607}.Debug|ARM.ActiveCfg = Debug|Any CPU
		{49AAFF52-884E-4E8B-9C30-5834CA4DB607}.Debug|ARM.Build.0 = Debug|Any CPU
		{49AAFF52-884E-4E8B-9C30-5834CA4DB607}.Debug|ARM.Deploy.0 = Debug|Any CPU
		{49AAFF52-884E-4E8B-9C30-5834CA4DB607}.Debug|iPhone.ActiveCfg = Debug|Any CPU
		{49AAFF52-884E-4E8B-9C30-5834CA4DB607}.Debug|iPhone.Build.0 = Debug|Any CPU
		{49AAFF52-884E-4E8B-9C30-5834CA4DB607}.Debug|iPhone.Deploy.0 = Debug|Any CPU
		{49AAFF52-884E-4E8B-9C30-5834CA4DB607}.Debug|iPhoneSimulator.ActiveCfg = Debug|Any CPU
		{49AAFF52-884E-4E8B-9C30-5834CA4DB607}.Debug|iPhoneSimulator.Build.0 = Debug|Any CPU
		{49AAFF52-884E-4E8B-9C30-5834CA4DB607}.Debug|iPhoneSimulator.Deploy.0 = Debug|Any CPU
		{49AAFF52-884E-4E8B-9C30-5834CA4DB607}.Debug|x64.ActiveCfg = Debug|Any CPU
		{49AAFF52-884E-4E8B-9C30-5834CA4DB607}.Debug|x64.Build.0 = Debug|Any CPU
		{49AAFF52-884E-4E8B-9C30-5834CA4DB607}.Debug|x64.Deploy.0 = Debug|Any CPU
		{49AAFF52-884E-4E8B-9C30-5834CA4DB607}.Debug|x86.ActiveCfg = Debug|Any CPU
		{49AAFF52-884E-4E8B-9C30-5834CA4DB607}.Debug|x86.Build.0 = Debug|Any CPU
		{49AAFF52-884E-4E8B-9C30-5834CA4DB607}.Debug|x86.Deploy.0 = Debug|Any CPU
		{49AAFF52-884E-4E8B-9C30-5834CA4DB607}.Release|Any CPU.ActiveCfg = Release|Any CPU
		{49AAFF52-884E-4E8B-9C30-5834CA4DB607}.Release|Any CPU.Build.0 = Release|Any CPU
		{49AAFF52-884E-4E8B-9C30-5834CA4DB607}.Release|Any CPU.Deploy.0 = Release|Any CPU
		{49AAFF52-884E-4E8B-9C30-5834CA4DB607}.Release|ARM.ActiveCfg = Release|Any CPU
		{49AAFF52-884E-4E8B-9C30-5834CA4DB607}.Release|ARM.Build.0 = Release|Any CPU
		{49AAFF52-884E-4E8B-9C30-5834CA4DB607}.Release|ARM.Deploy.0 = Release|Any CPU
		{49AAFF52-884E-4E8B-9C30-5834CA4DB607}.Release|iPhone.ActiveCfg = Release|Any CPU
		{49AAFF52-884E-4E8B-9C30-5834CA4DB607}.Release|iPhone.Build.0 = Release|Any CPU
		{49AAFF52-884E-4E8B-9C30-5834CA4DB607}.Release|iPhone.Deploy.0 = Release|Any CPU
		{49AAFF52-884E-4E8B-9C30-5834CA4DB607}.Release|iPhoneSimulator.ActiveCfg = Release|Any CPU
		{49AAFF52-884E-4E8B-9C30-5834CA4DB607}.Release|iPhoneSimulator.Build.0 = Release|Any CPU
		{49AAFF52-884E-4E8B-9C30-5834CA4DB607}.Release|iPhoneSimulator.Deploy.0 = Release|Any CPU
		{49AAFF52-884E-4E8B-9C30-5834CA4DB607}.Release|x64.ActiveCfg = Release|Any CPU
		{49AAFF52-884E-4E8B-9C30-5834CA4DB607}.Release|x64.Build.0 = Release|Any CPU
		{49AAFF52-884E-4E8B-9C30-5834CA4DB607}.Release|x64.Deploy.0 = Release|Any CPU
		{49AAFF52-884E-4E8B-9C30-5834CA4DB607}.Release|x86.ActiveCfg = Release|Any CPU
		{49AAFF52-884E-4E8B-9C30-5834CA4DB607}.Release|x86.Build.0 = Release|Any CPU
		{49AAFF52-884E-4E8B-9C30-5834CA4DB607}.Release|x86.Deploy.0 = Release|Any CPU
		{B071E452-9707-4961-A4C6-E228BB448B58}.Ad-Hoc|Any CPU.ActiveCfg = Release|Any CPU
		{B071E452-9707-4961-A4C6-E228BB448B58}.Ad-Hoc|Any CPU.Build.0 = Release|Any CPU
		{B071E452-9707-4961-A4C6-E228BB448B58}.Ad-Hoc|Any CPU.Deploy.0 = Release|Any CPU
		{B071E452-9707-4961-A4C6-E228BB448B58}.Ad-Hoc|ARM.ActiveCfg = Release|Any CPU
		{B071E452-9707-4961-A4C6-E228BB448B58}.Ad-Hoc|ARM.Build.0 = Release|Any CPU
		{B071E452-9707-4961-A4C6-E228BB448B58}.Ad-Hoc|ARM.Deploy.0 = Release|Any CPU
		{B071E452-9707-4961-A4C6-E228BB448B58}.Ad-Hoc|iPhone.ActiveCfg = Release|Any CPU
		{B071E452-9707-4961-A4C6-E228BB448B58}.Ad-Hoc|iPhone.Build.0 = Release|Any CPU
		{B071E452-9707-4961-A4C6-E228BB448B58}.Ad-Hoc|iPhone.Deploy.0 = Release|Any CPU
		{B071E452-9707-4961-A4C6-E228BB448B58}.Ad-Hoc|iPhoneSimulator.ActiveCfg = Release|Any CPU
		{B071E452-9707-4961-A4C6-E228BB448B58}.Ad-Hoc|iPhoneSimulator.Build.0 = Release|Any CPU
		{B071E452-9707-4961-A4C6-E228BB448B58}.Ad-Hoc|iPhoneSimulator.Deploy.0 = Release|Any CPU
		{B071E452-9707-4961-A4C6-E228BB448B58}.Ad-Hoc|x64.ActiveCfg = Release|Any CPU
		{B071E452-9707-4961-A4C6-E228BB448B58}.Ad-Hoc|x64.Build.0 = Release|Any CPU
		{B071E452-9707-4961-A4C6-E228BB448B58}.Ad-Hoc|x64.Deploy.0 = Release|Any CPU
		{B071E452-9707-4961-A4C6-E228BB448B58}.Ad-Hoc|x86.ActiveCfg = Release|Any CPU
		{B071E452-9707-4961-A4C6-E228BB448B58}.Ad-Hoc|x86.Build.0 = Release|Any CPU
		{B071E452-9707-4961-A4C6-E228BB448B58}.Ad-Hoc|x86.Deploy.0 = Release|Any CPU
		{B071E452-9707-4961-A4C6-E228BB448B58}.AppStore|Any CPU.ActiveCfg = Release|Any CPU
		{B071E452-9707-4961-A4C6-E228BB448B58}.AppStore|Any CPU.Build.0 = Release|Any CPU
		{B071E452-9707-4961-A4C6-E228BB448B58}.AppStore|Any CPU.Deploy.0 = Release|Any CPU
		{B071E452-9707-4961-A4C6-E228BB448B58}.AppStore|ARM.ActiveCfg = Release|Any CPU
		{B071E452-9707-4961-A4C6-E228BB448B58}.AppStore|ARM.Build.0 = Release|Any CPU
		{B071E452-9707-4961-A4C6-E228BB448B58}.AppStore|ARM.Deploy.0 = Release|Any CPU
		{B071E452-9707-4961-A4C6-E228BB448B58}.AppStore|iPhone.ActiveCfg = Release|Any CPU
		{B071E452-9707-4961-A4C6-E228BB448B58}.AppStore|iPhone.Build.0 = Release|Any CPU
		{B071E452-9707-4961-A4C6-E228BB448B58}.AppStore|iPhone.Deploy.0 = Release|Any CPU
		{B071E452-9707-4961-A4C6-E228BB448B58}.AppStore|iPhoneSimulator.ActiveCfg = Release|Any CPU
		{B071E452-9707-4961-A4C6-E228BB448B58}.AppStore|iPhoneSimulator.Build.0 = Release|Any CPU
		{B071E452-9707-4961-A4C6-E228BB448B58}.AppStore|iPhoneSimulator.Deploy.0 = Release|Any CPU
		{B071E452-9707-4961-A4C6-E228BB448B58}.AppStore|x64.ActiveCfg = Release|Any CPU
		{B071E452-9707-4961-A4C6-E228BB448B58}.AppStore|x64.Build.0 = Release|Any CPU
		{B071E452-9707-4961-A4C6-E228BB448B58}.AppStore|x64.Deploy.0 = Release|Any CPU
		{B071E452-9707-4961-A4C6-E228BB448B58}.AppStore|x86.ActiveCfg = Release|Any CPU
		{B071E452-9707-4961-A4C6-E228BB448B58}.AppStore|x86.Build.0 = Release|Any CPU
		{B071E452-9707-4961-A4C6-E228BB448B58}.AppStore|x86.Deploy.0 = Release|Any CPU
		{B071E452-9707-4961-A4C6-E228BB448B58}.Debug|Any CPU.ActiveCfg = Debug|Any CPU
		{B071E452-9707-4961-A4C6-E228BB448B58}.Debug|Any CPU.Build.0 = Debug|Any CPU
		{B071E452-9707-4961-A4C6-E228BB448B58}.Debug|Any CPU.Deploy.0 = Debug|Any CPU
		{B071E452-9707-4961-A4C6-E228BB448B58}.Debug|ARM.ActiveCfg = Debug|Any CPU
		{B071E452-9707-4961-A4C6-E228BB448B58}.Debug|ARM.Build.0 = Debug|Any CPU
		{B071E452-9707-4961-A4C6-E228BB448B58}.Debug|ARM.Deploy.0 = Debug|Any CPU
		{B071E452-9707-4961-A4C6-E228BB448B58}.Debug|iPhone.ActiveCfg = Debug|Any CPU
		{B071E452-9707-4961-A4C6-E228BB448B58}.Debug|iPhone.Build.0 = Debug|Any CPU
		{B071E452-9707-4961-A4C6-E228BB448B58}.Debug|iPhone.Deploy.0 = Debug|Any CPU
		{B071E452-9707-4961-A4C6-E228BB448B58}.Debug|iPhoneSimulator.ActiveCfg = Debug|Any CPU
		{B071E452-9707-4961-A4C6-E228BB448B58}.Debug|iPhoneSimulator.Build.0 = Debug|Any CPU
		{B071E452-9707-4961-A4C6-E228BB448B58}.Debug|iPhoneSimulator.Deploy.0 = Debug|Any CPU
		{B071E452-9707-4961-A4C6-E228BB448B58}.Debug|x64.ActiveCfg = Debug|Any CPU
		{B071E452-9707-4961-A4C6-E228BB448B58}.Debug|x64.Build.0 = Debug|Any CPU
		{B071E452-9707-4961-A4C6-E228BB448B58}.Debug|x64.Deploy.0 = Debug|Any CPU
		{B071E452-9707-4961-A4C6-E228BB448B58}.Debug|x86.ActiveCfg = Debug|Any CPU
		{B071E452-9707-4961-A4C6-E228BB448B58}.Debug|x86.Build.0 = Debug|Any CPU
		{B071E452-9707-4961-A4C6-E228BB448B58}.Debug|x86.Deploy.0 = Debug|Any CPU
		{B071E452-9707-4961-A4C6-E228BB448B58}.Release|Any CPU.ActiveCfg = Release|Any CPU
		{B071E452-9707-4961-A4C6-E228BB448B58}.Release|Any CPU.Build.0 = Release|Any CPU
		{B071E452-9707-4961-A4C6-E228BB448B58}.Release|Any CPU.Deploy.0 = Release|Any CPU
		{B071E452-9707-4961-A4C6-E228BB448B58}.Release|ARM.ActiveCfg = Release|Any CPU
		{B071E452-9707-4961-A4C6-E228BB448B58}.Release|ARM.Build.0 = Release|Any CPU
		{B071E452-9707-4961-A4C6-E228BB448B58}.Release|ARM.Deploy.0 = Release|Any CPU
		{B071E452-9707-4961-A4C6-E228BB448B58}.Release|iPhone.ActiveCfg = Release|Any CPU
		{B071E452-9707-4961-A4C6-E228BB448B58}.Release|iPhone.Build.0 = Release|Any CPU
		{B071E452-9707-4961-A4C6-E228BB448B58}.Release|iPhone.Deploy.0 = Release|Any CPU
		{B071E452-9707-4961-A4C6-E228BB448B58}.Release|iPhoneSimulator.ActiveCfg = Release|Any CPU
		{B071E452-9707-4961-A4C6-E228BB448B58}.Release|iPhoneSimulator.Build.0 = Release|Any CPU
		{B071E452-9707-4961-A4C6-E228BB448B58}.Release|iPhoneSimulator.Deploy.0 = Release|Any CPU
		{B071E452-9707-4961-A4C6-E228BB448B58}.Release|x64.ActiveCfg = Release|Any CPU
		{B071E452-9707-4961-A4C6-E228BB448B58}.Release|x64.Build.0 = Release|Any CPU
		{B071E452-9707-4961-A4C6-E228BB448B58}.Release|x64.Deploy.0 = Release|Any CPU
		{B071E452-9707-4961-A4C6-E228BB448B58}.Release|x86.ActiveCfg = Release|Any CPU
		{B071E452-9707-4961-A4C6-E228BB448B58}.Release|x86.Build.0 = Release|Any CPU
		{B071E452-9707-4961-A4C6-E228BB448B58}.Release|x86.Deploy.0 = Release|Any CPU
		{D9103FCE-C342-47FE-90EF-71748E1CC997}.Ad-Hoc|Any CPU.ActiveCfg = Release|x86
		{D9103FCE-C342-47FE-90EF-71748E1CC997}.Ad-Hoc|Any CPU.Build.0 = Release|x86
		{D9103FCE-C342-47FE-90EF-71748E1CC997}.Ad-Hoc|Any CPU.Deploy.0 = Release|x86
		{D9103FCE-C342-47FE-90EF-71748E1CC997}.Ad-Hoc|ARM.ActiveCfg = Release|ARM
		{D9103FCE-C342-47FE-90EF-71748E1CC997}.Ad-Hoc|ARM.Build.0 = Release|ARM
		{D9103FCE-C342-47FE-90EF-71748E1CC997}.Ad-Hoc|ARM.Deploy.0 = Release|ARM
		{D9103FCE-C342-47FE-90EF-71748E1CC997}.Ad-Hoc|iPhone.ActiveCfg = Release|x86
		{D9103FCE-C342-47FE-90EF-71748E1CC997}.Ad-Hoc|iPhone.Build.0 = Release|x86
		{D9103FCE-C342-47FE-90EF-71748E1CC997}.Ad-Hoc|iPhone.Deploy.0 = Release|x86
		{D9103FCE-C342-47FE-90EF-71748E1CC997}.Ad-Hoc|iPhoneSimulator.ActiveCfg = Release|x86
		{D9103FCE-C342-47FE-90EF-71748E1CC997}.Ad-Hoc|iPhoneSimulator.Build.0 = Release|x86
		{D9103FCE-C342-47FE-90EF-71748E1CC997}.Ad-Hoc|iPhoneSimulator.Deploy.0 = Release|x86
		{D9103FCE-C342-47FE-90EF-71748E1CC997}.Ad-Hoc|x64.ActiveCfg = Release|x64
		{D9103FCE-C342-47FE-90EF-71748E1CC997}.Ad-Hoc|x64.Build.0 = Release|x64
		{D9103FCE-C342-47FE-90EF-71748E1CC997}.Ad-Hoc|x64.Deploy.0 = Release|x64
		{D9103FCE-C342-47FE-90EF-71748E1CC997}.Ad-Hoc|x86.ActiveCfg = Release|x86
		{D9103FCE-C342-47FE-90EF-71748E1CC997}.Ad-Hoc|x86.Build.0 = Release|x86
		{D9103FCE-C342-47FE-90EF-71748E1CC997}.Ad-Hoc|x86.Deploy.0 = Release|x86
		{D9103FCE-C342-47FE-90EF-71748E1CC997}.AppStore|Any CPU.ActiveCfg = Release|x86
		{D9103FCE-C342-47FE-90EF-71748E1CC997}.AppStore|Any CPU.Build.0 = Release|x86
		{D9103FCE-C342-47FE-90EF-71748E1CC997}.AppStore|Any CPU.Deploy.0 = Release|x86
		{D9103FCE-C342-47FE-90EF-71748E1CC997}.AppStore|ARM.ActiveCfg = Release|ARM
		{D9103FCE-C342-47FE-90EF-71748E1CC997}.AppStore|ARM.Build.0 = Release|ARM
		{D9103FCE-C342-47FE-90EF-71748E1CC997}.AppStore|ARM.Deploy.0 = Release|ARM
		{D9103FCE-C342-47FE-90EF-71748E1CC997}.AppStore|iPhone.ActiveCfg = Release|x86
		{D9103FCE-C342-47FE-90EF-71748E1CC997}.AppStore|iPhone.Build.0 = Release|x86
		{D9103FCE-C342-47FE-90EF-71748E1CC997}.AppStore|iPhone.Deploy.0 = Release|x86
		{D9103FCE-C342-47FE-90EF-71748E1CC997}.AppStore|iPhoneSimulator.ActiveCfg = Release|x86
		{D9103FCE-C342-47FE-90EF-71748E1CC997}.AppStore|iPhoneSimulator.Build.0 = Release|x86
		{D9103FCE-C342-47FE-90EF-71748E1CC997}.AppStore|iPhoneSimulator.Deploy.0 = Release|x86
		{D9103FCE-C342-47FE-90EF-71748E1CC997}.AppStore|x64.ActiveCfg = Release|x64
		{D9103FCE-C342-47FE-90EF-71748E1CC997}.AppStore|x64.Build.0 = Release|x64
		{D9103FCE-C342-47FE-90EF-71748E1CC997}.AppStore|x64.Deploy.0 = Release|x64
		{D9103FCE-C342-47FE-90EF-71748E1CC997}.AppStore|x86.ActiveCfg = Release|x86
		{D9103FCE-C342-47FE-90EF-71748E1CC997}.AppStore|x86.Build.0 = Release|x86
		{D9103FCE-C342-47FE-90EF-71748E1CC997}.AppStore|x86.Deploy.0 = Release|x86
		{D9103FCE-C342-47FE-90EF-71748E1CC997}.Debug|Any CPU.ActiveCfg = Debug|x86
		{D9103FCE-C342-47FE-90EF-71748E1CC997}.Debug|Any CPU.Build.0 = Debug|x86
		{D9103FCE-C342-47FE-90EF-71748E1CC997}.Debug|Any CPU.Deploy.0 = Debug|x86
		{D9103FCE-C342-47FE-90EF-71748E1CC997}.Debug|ARM.ActiveCfg = Debug|ARM
		{D9103FCE-C342-47FE-90EF-71748E1CC997}.Debug|ARM.Build.0 = Debug|ARM
		{D9103FCE-C342-47FE-90EF-71748E1CC997}.Debug|ARM.Deploy.0 = Debug|ARM
		{D9103FCE-C342-47FE-90EF-71748E1CC997}.Debug|iPhone.ActiveCfg = Debug|x86
		{D9103FCE-C342-47FE-90EF-71748E1CC997}.Debug|iPhone.Build.0 = Debug|x86
		{D9103FCE-C342-47FE-90EF-71748E1CC997}.Debug|iPhone.Deploy.0 = Debug|x86
		{D9103FCE-C342-47FE-90EF-71748E1CC997}.Debug|iPhoneSimulator.ActiveCfg = Debug|x86
		{D9103FCE-C342-47FE-90EF-71748E1CC997}.Debug|iPhoneSimulator.Build.0 = Debug|x86
		{D9103FCE-C342-47FE-90EF-71748E1CC997}.Debug|iPhoneSimulator.Deploy.0 = Debug|x86
		{D9103FCE-C342-47FE-90EF-71748E1CC997}.Debug|x64.ActiveCfg = Debug|x64
		{D9103FCE-C342-47FE-90EF-71748E1CC997}.Debug|x64.Build.0 = Debug|x64
		{D9103FCE-C342-47FE-90EF-71748E1CC997}.Debug|x64.Deploy.0 = Debug|x64
		{D9103FCE-C342-47FE-90EF-71748E1CC997}.Debug|x86.ActiveCfg = Debug|x86
		{D9103FCE-C342-47FE-90EF-71748E1CC997}.Debug|x86.Build.0 = Debug|x86
		{D9103FCE-C342-47FE-90EF-71748E1CC997}.Debug|x86.Deploy.0 = Debug|x86
		{D9103FCE-C342-47FE-90EF-71748E1CC997}.Release|Any CPU.ActiveCfg = Release|x86
		{D9103FCE-C342-47FE-90EF-71748E1CC997}.Release|Any CPU.Build.0 = Release|x86
		{D9103FCE-C342-47FE-90EF-71748E1CC997}.Release|Any CPU.Deploy.0 = Release|x86
		{D9103FCE-C342-47FE-90EF-71748E1CC997}.Release|ARM.ActiveCfg = Release|ARM
		{D9103FCE-C342-47FE-90EF-71748E1CC997}.Release|ARM.Build.0 = Release|ARM
		{D9103FCE-C342-47FE-90EF-71748E1CC997}.Release|ARM.Deploy.0 = Release|ARM
		{D9103FCE-C342-47FE-90EF-71748E1CC997}.Release|iPhone.ActiveCfg = Release|x86
		{D9103FCE-C342-47FE-90EF-71748E1CC997}.Release|iPhone.Build.0 = Release|x86
		{D9103FCE-C342-47FE-90EF-71748E1CC997}.Release|iPhone.Deploy.0 = Release|x86
		{D9103FCE-C342-47FE-90EF-71748E1CC997}.Release|iPhoneSimulator.ActiveCfg = Release|x86
		{D9103FCE-C342-47FE-90EF-71748E1CC997}.Release|iPhoneSimulator.Build.0 = Release|x86
		{D9103FCE-C342-47FE-90EF-71748E1CC997}.Release|iPhoneSimulator.Deploy.0 = Release|x86
		{D9103FCE-C342-47FE-90EF-71748E1CC997}.Release|x64.ActiveCfg = Release|x64
		{D9103FCE-C342-47FE-90EF-71748E1CC997}.Release|x64.Build.0 = Release|x64
		{D9103FCE-C342-47FE-90EF-71748E1CC997}.Release|x64.Deploy.0 = Release|x64
		{D9103FCE-C342-47FE-90EF-71748E1CC997}.Release|x86.ActiveCfg = Release|x86
		{D9103FCE-C342-47FE-90EF-71748E1CC997}.Release|x86.Build.0 = Release|x86
		{D9103FCE-C342-47FE-90EF-71748E1CC997}.Release|x86.Deploy.0 = Release|x86
		{8E44DF9E-8B20-4409-BDFC-EEB86793A5DD}.Ad-Hoc|Any CPU.ActiveCfg = Ad-Hoc|iPhone
		{8E44DF9E-8B20-4409-BDFC-EEB86793A5DD}.Ad-Hoc|Any CPU.Build.0 = Ad-Hoc|iPhone
		{8E44DF9E-8B20-4409-BDFC-EEB86793A5DD}.Ad-Hoc|Any CPU.Deploy.0 = Ad-Hoc|iPhone
		{8E44DF9E-8B20-4409-BDFC-EEB86793A5DD}.Ad-Hoc|ARM.ActiveCfg = Ad-Hoc|iPhone
		{8E44DF9E-8B20-4409-BDFC-EEB86793A5DD}.Ad-Hoc|ARM.Build.0 = Ad-Hoc|iPhone
		{8E44DF9E-8B20-4409-BDFC-EEB86793A5DD}.Ad-Hoc|ARM.Deploy.0 = Ad-Hoc|iPhone
		{8E44DF9E-8B20-4409-BDFC-EEB86793A5DD}.Ad-Hoc|iPhone.ActiveCfg = Ad-Hoc|iPhone
		{8E44DF9E-8B20-4409-BDFC-EEB86793A5DD}.Ad-Hoc|iPhone.Build.0 = Ad-Hoc|iPhone
		{8E44DF9E-8B20-4409-BDFC-EEB86793A5DD}.Ad-Hoc|iPhone.Deploy.0 = Ad-Hoc|iPhone
		{8E44DF9E-8B20-4409-BDFC-EEB86793A5DD}.Ad-Hoc|iPhoneSimulator.ActiveCfg = Ad-Hoc|iPhoneSimulator
		{8E44DF9E-8B20-4409-BDFC-EEB86793A5DD}.Ad-Hoc|iPhoneSimulator.Build.0 = Ad-Hoc|iPhoneSimulator
		{8E44DF9E-8B20-4409-BDFC-EEB86793A5DD}.Ad-Hoc|iPhoneSimulator.Deploy.0 = Ad-Hoc|iPhoneSimulator
		{8E44DF9E-8B20-4409-BDFC-EEB86793A5DD}.Ad-Hoc|x64.ActiveCfg = Ad-Hoc|iPhone
		{8E44DF9E-8B20-4409-BDFC-EEB86793A5DD}.Ad-Hoc|x64.Build.0 = Ad-Hoc|iPhone
		{8E44DF9E-8B20-4409-BDFC-EEB86793A5DD}.Ad-Hoc|x64.Deploy.0 = Ad-Hoc|iPhone
		{8E44DF9E-8B20-4409-BDFC-EEB86793A5DD}.Ad-Hoc|x86.ActiveCfg = Ad-Hoc|iPhone
		{8E44DF9E-8B20-4409-BDFC-EEB86793A5DD}.Ad-Hoc|x86.Build.0 = Ad-Hoc|iPhone
		{8E44DF9E-8B20-4409-BDFC-EEB86793A5DD}.Ad-Hoc|x86.Deploy.0 = Ad-Hoc|iPhone
		{8E44DF9E-8B20-4409-BDFC-EEB86793A5DD}.AppStore|Any CPU.ActiveCfg = AppStore|iPhone
		{8E44DF9E-8B20-4409-BDFC-EEB86793A5DD}.AppStore|Any CPU.Build.0 = AppStore|iPhone
		{8E44DF9E-8B20-4409-BDFC-EEB86793A5DD}.AppStore|Any CPU.Deploy.0 = AppStore|iPhone
		{8E44DF9E-8B20-4409-BDFC-EEB86793A5DD}.AppStore|ARM.ActiveCfg = AppStore|iPhone
		{8E44DF9E-8B20-4409-BDFC-EEB86793A5DD}.AppStore|ARM.Build.0 = AppStore|iPhone
		{8E44DF9E-8B20-4409-BDFC-EEB86793A5DD}.AppStore|ARM.Deploy.0 = AppStore|iPhone
		{8E44DF9E-8B20-4409-BDFC-EEB86793A5DD}.AppStore|iPhone.ActiveCfg = AppStore|iPhone
		{8E44DF9E-8B20-4409-BDFC-EEB86793A5DD}.AppStore|iPhone.Build.0 = AppStore|iPhone
		{8E44DF9E-8B20-4409-BDFC-EEB86793A5DD}.AppStore|iPhone.Deploy.0 = AppStore|iPhone
		{8E44DF9E-8B20-4409-BDFC-EEB86793A5DD}.AppStore|iPhoneSimulator.ActiveCfg = AppStore|iPhoneSimulator
		{8E44DF9E-8B20-4409-BDFC-EEB86793A5DD}.AppStore|iPhoneSimulator.Build.0 = AppStore|iPhoneSimulator
		{8E44DF9E-8B20-4409-BDFC-EEB86793A5DD}.AppStore|iPhoneSimulator.Deploy.0 = AppStore|iPhoneSimulator
		{8E44DF9E-8B20-4409-BDFC-EEB86793A5DD}.AppStore|x64.ActiveCfg = AppStore|iPhone
		{8E44DF9E-8B20-4409-BDFC-EEB86793A5DD}.AppStore|x64.Build.0 = AppStore|iPhone
		{8E44DF9E-8B20-4409-BDFC-EEB86793A5DD}.AppStore|x64.Deploy.0 = AppStore|iPhone
		{8E44DF9E-8B20-4409-BDFC-EEB86793A5DD}.AppStore|x86.ActiveCfg = AppStore|iPhone
		{8E44DF9E-8B20-4409-BDFC-EEB86793A5DD}.AppStore|x86.Build.0 = AppStore|iPhone
		{8E44DF9E-8B20-4409-BDFC-EEB86793A5DD}.AppStore|x86.Deploy.0 = AppStore|iPhone
		{8E44DF9E-8B20-4409-BDFC-EEB86793A5DD}.Debug|Any CPU.ActiveCfg = Debug|iPhoneSimulator
		{8E44DF9E-8B20-4409-BDFC-EEB86793A5DD}.Debug|Any CPU.Build.0 = Debug|iPhoneSimulator
		{8E44DF9E-8B20-4409-BDFC-EEB86793A5DD}.Debug|Any CPU.Deploy.0 = Debug|iPhoneSimulator
		{8E44DF9E-8B20-4409-BDFC-EEB86793A5DD}.Debug|ARM.ActiveCfg = Debug|iPhone
		{8E44DF9E-8B20-4409-BDFC-EEB86793A5DD}.Debug|ARM.Build.0 = Debug|iPhone
		{8E44DF9E-8B20-4409-BDFC-EEB86793A5DD}.Debug|ARM.Deploy.0 = Debug|iPhone
		{8E44DF9E-8B20-4409-BDFC-EEB86793A5DD}.Debug|iPhone.ActiveCfg = Debug|iPhone
		{8E44DF9E-8B20-4409-BDFC-EEB86793A5DD}.Debug|iPhone.Build.0 = Debug|iPhone
		{8E44DF9E-8B20-4409-BDFC-EEB86793A5DD}.Debug|iPhone.Deploy.0 = Debug|iPhone
		{8E44DF9E-8B20-4409-BDFC-EEB86793A5DD}.Debug|iPhoneSimulator.ActiveCfg = Debug|iPhoneSimulator
		{8E44DF9E-8B20-4409-BDFC-EEB86793A5DD}.Debug|iPhoneSimulator.Build.0 = Debug|iPhoneSimulator
		{8E44DF9E-8B20-4409-BDFC-EEB86793A5DD}.Debug|iPhoneSimulator.Deploy.0 = Debug|iPhoneSimulator
		{8E44DF9E-8B20-4409-BDFC-EEB86793A5DD}.Debug|x64.ActiveCfg = Debug|iPhone
		{8E44DF9E-8B20-4409-BDFC-EEB86793A5DD}.Debug|x64.Build.0 = Debug|iPhone
		{8E44DF9E-8B20-4409-BDFC-EEB86793A5DD}.Debug|x64.Deploy.0 = Debug|iPhone
		{8E44DF9E-8B20-4409-BDFC-EEB86793A5DD}.Debug|x86.ActiveCfg = Debug|iPhone
		{8E44DF9E-8B20-4409-BDFC-EEB86793A5DD}.Debug|x86.Build.0 = Debug|iPhone
		{8E44DF9E-8B20-4409-BDFC-EEB86793A5DD}.Debug|x86.Deploy.0 = Debug|iPhone
		{8E44DF9E-8B20-4409-BDFC-EEB86793A5DD}.Release|Any CPU.ActiveCfg = Release|iPhone
		{8E44DF9E-8B20-4409-BDFC-EEB86793A5DD}.Release|Any CPU.Build.0 = Release|iPhone
		{8E44DF9E-8B20-4409-BDFC-EEB86793A5DD}.Release|Any CPU.Deploy.0 = Release|iPhone
		{8E44DF9E-8B20-4409-BDFC-EEB86793A5DD}.Release|ARM.ActiveCfg = Release|iPhone
		{8E44DF9E-8B20-4409-BDFC-EEB86793A5DD}.Release|ARM.Build.0 = Release|iPhone
		{8E44DF9E-8B20-4409-BDFC-EEB86793A5DD}.Release|ARM.Deploy.0 = Release|iPhone
		{8E44DF9E-8B20-4409-BDFC-EEB86793A5DD}.Release|iPhone.ActiveCfg = Release|iPhone
		{8E44DF9E-8B20-4409-BDFC-EEB86793A5DD}.Release|iPhone.Build.0 = Release|iPhone
		{8E44DF9E-8B20-4409-BDFC-EEB86793A5DD}.Release|iPhone.Deploy.0 = Release|iPhone
		{8E44DF9E-8B20-4409-BDFC-EEB86793A5DD}.Release|iPhoneSimulator.ActiveCfg = Release|iPhoneSimulator
		{8E44DF9E-8B20-4409-BDFC-EEB86793A5DD}.Release|iPhoneSimulator.Build.0 = Release|iPhoneSimulator
		{8E44DF9E-8B20-4409-BDFC-EEB86793A5DD}.Release|iPhoneSimulator.Deploy.0 = Release|iPhoneSimulator
		{8E44DF9E-8B20-4409-BDFC-EEB86793A5DD}.Release|x64.ActiveCfg = Release|iPhone
		{8E44DF9E-8B20-4409-BDFC-EEB86793A5DD}.Release|x64.Build.0 = Release|iPhone
		{8E44DF9E-8B20-4409-BDFC-EEB86793A5DD}.Release|x64.Deploy.0 = Release|iPhone
		{8E44DF9E-8B20-4409-BDFC-EEB86793A5DD}.Release|x86.ActiveCfg = Release|iPhone
		{8E44DF9E-8B20-4409-BDFC-EEB86793A5DD}.Release|x86.Build.0 = Release|iPhone
		{8E44DF9E-8B20-4409-BDFC-EEB86793A5DD}.Release|x86.Deploy.0 = Release|iPhone
	EndGlobalSection
	GlobalSection(SolutionProperties) = preSolution
		HideSolutionNode = FALSE
	EndGlobalSection
EndGlobal
